
Microsoft Visual Studio Solution File, Format Version 12.00
# Visual Studio 15
VisualStudioVersion = 15.0.28307.168
MinimumVisualStudioVersion = 10.0.40219.1
Project("{FAE04EC0-301F-11D3-BF4B-00C04F79EFBC}") = "PrimerParcial", "PrimerParcial\PrimerParcial.csproj", "{2FD5ECF1-E37E-4115-A7C9-A1AAC28E89DA}"
EndProject
Project("{FAE04EC0-301F-11D3-BF4B-00C04F79EFBC}") = "BLL", "BLL\BLL.csproj", "{609DDB8B-8A0B-497C-82D1-777264C337EE}"
EndProject
Project("{FAE04EC0-301F-11D3-BF4B-00C04F79EFBC}") = "DAL", "DAL\DAL.csproj", "{5FDF86B2-E216-45C4-9FE5-0AB595A29DE9}"
EndProject
Project("{FAE04EC0-301F-11D3-BF4B-00C04F79EFBC}") = "Entities", "Entities\Entities.csproj", "{68E216CF-FE4C-47EE-A25A-1006A122FF70}"
EndProject
Project("{FAE04EC0-301F-11D3-BF4B-00C04F79EFBC}") = "PrimerParcial.Tests", "BLLTests\PrimerParcial.Tests.csproj", "{A4FCF321-FADF-4C84-81B3-ADFB83B592C5}"
EndProject
Global
	GlobalSection(SolutionConfigurationPlatforms) = preSolution
		Debug|Any CPU = Debug|Any CPU
		Release|Any CPU = Release|Any CPU
	EndGlobalSection
	GlobalSection(ProjectConfigurationPlatforms) = postSolution
		{2FD5ECF1-E37E-4115-A7C9-A1AAC28E89DA}.Debug|Any CPU.ActiveCfg = Debug|Any CPU
		{2FD5ECF1-E37E-4115-A7C9-A1AAC28E89DA}.Debug|Any CPU.Build.0 = Debug|Any CPU
		{2FD5ECF1-E37E-4115-A7C9-A1AAC28E89DA}.Release|Any CPU.ActiveCfg = Release|Any CPU
		{2FD5ECF1-E37E-4115-A7C9-A1AAC28E89DA}.Release|Any CPU.Build.0 = Release|Any CPU
		{609DDB8B-8A0B-497C-82D1-777264C337EE}.Debug|Any CPU.ActiveCfg = Debug|Any CPU
		{609DDB8B-8A0B-497C-82D1-777264C337EE}.Debug|Any CPU.Build.0 = Debug|Any CPU
		{609DDB8B-8A0B-497C-82D1-777264C337EE}.Release|Any CPU.ActiveCfg = Release|Any CPU
		{609DDB8B-8A0B-497C-82D1-777264C337EE}.Release|Any CPU.Build.0 = Release|Any CPU
		{5FDF86B2-E216-45C4-9FE5-0AB595A29DE9}.Debug|Any CPU.ActiveCfg = Debug|Any CPU
		{5FDF86B2-E216-45C4-9FE5-0AB595A29DE9}.Debug|Any CPU.Build.0 = Debug|Any CPU
		{5FDF86B2-E216-45C4-9FE5-0AB595A29DE9}.Release|Any CPU.ActiveCfg = Release|Any CPU
		{5FDF86B2-E216-45C4-9FE5-0AB595A29DE9}.Release|Any CPU.Build.0 = Release|Any CPU
		{68E216CF-FE4C-47EE-A25A-1006A122FF70}.Debug|Any CPU.ActiveCfg = Debug|Any CPU
		{68E216CF-FE4C-47EE-A25A-1006A122FF70}.Debug|Any CPU.Build.0 = Debug|Any CPU
		{68E216CF-FE4C-47EE-A25A-1006A122FF70}.Release|Any CPU.ActiveCfg = Release|Any CPU
		{68E216CF-FE4C-47EE-A25A-1006A122FF70}.Release|Any CPU.Build.0 = Release|Any CPU
		{A4FCF321-FADF-4C84-81B3-ADFB83B592C5}.Debug|Any CPU.ActiveCfg = Debug|Any CPU
		{A4FCF321-FADF-4C84-81B3-ADFB83B592C5}.Debug|Any CPU.Build.0 = Debug|Any CPU
		{A4FCF321-FADF-4C84-81B3-ADFB83B592C5}.Release|Any CPU.ActiveCfg = Release|Any CPU
		{A4FCF321-FADF-4C84-81B3-ADFB83B592C5}.Release|Any CPU.Build.0 = Release|Any CPU
	EndGlobalSection
	GlobalSection(SolutionProperties) = preSolution
		HideSolutionNode = FALSE
	EndGlobalSection
	GlobalSection(ExtensibilityGlobals) = postSolution
		SolutionGuid = {18CE07AF-1D99-4C93-BAF9-8A3E4CED1279}
	EndGlobalSection
EndGlobal
